
Microsoft Visual Studio Solution File, Format Version 12.00
# Visual Studio 15
VisualStudioVersion = 15.0.27703.2026
MinimumVisualStudioVersion = 10.0.40219.1
Project("{FAE04EC0-301F-11D3-BF4B-00C04F79EFBC}") = "Introdução a Robotica", "Introdução a Robotica\Introdução a Robotica.csproj", "{48877895-F1AA-4FF8-9864-67A4BB676BE1}"
EndProject
Global
	GlobalSection(SolutionConfigurationPlatforms) = preSolution
		Debug|Any CPU = Debug|Any CPU
		Release|Any CPU = Release|Any CPU
	EndGlobalSection
	GlobalSection(ProjectConfigurationPlatforms) = postSolution
		{48877895-F1AA-4FF8-9864-67A4BB676BE1}.Debug|Any CPU.ActiveCfg = Debug|Any CPU
		{48877895-F1AA-4FF8-9864-67A4BB676BE1}.Debug|Any CPU.Build.0 = Debug|Any CPU
		{48877895-F1AA-4FF8-9864-67A4BB676BE1}.Release|Any CPU.ActiveCfg = Release|Any CPU
		{48877895-F1AA-4FF8-9864-67A4BB676BE1}.Release|Any CPU.Build.0 = Release|Any CPU
	EndGlobalSection
	GlobalSection(SolutionProperties) = preSolution
		HideSolutionNode = FALSE
	EndGlobalSection
	GlobalSection(ExtensibilityGlobals) = postSolution
		SolutionGuid = {1309A5A9-4DB5-4378-8A59-021D7DC08367}
	EndGlobalSection
EndGlobal
